<?xml version="1.0" encoding="utf-8"?>
<Project ToolsVersion="4.0" xmlns="http://schemas.microsoft.com/developer/msbuild/2003">
  <ItemGroup>
    <Filter Include="Resource Files">
      <UniqueIdentifier>{67DA6AB6-F800-4c08-8B7A-83BB121AAD01}</UniqueIdentifier>
      <Extensions>rc;ico;cur;bmp;dlg;rc2;rct;bin;rgs;gif;jpg;jpeg;jpe;resx;tiff;tif;png;wav;mfcribbon-ms</Extensions>
    </Filter>
    <Filter Include="SDK">
      <UniqueIdentifier>{2b9ff43c-67db-4acf-9b2c-e9970598a4d9}</UniqueIdentifier>
    </Filter>
    <Filter Include="Features">
      <UniqueIdentifier>{5dee4d1f-05eb-4966-b5cf-2505cf590988}</UniqueIdentifier>
    </Filter>
    <Filter Include="Features\DynamicLights">
      <UniqueIdentifier>{cc22c016-2d95-4c2c-a0cd-90e53e2ef1a0}</UniqueIdentifier>
    </Filter>
    <Filter Include="Config">
      <UniqueIdentifier>{eb0d5927-0c13-4fa9-99d5-06f5a769993f}</UniqueIdentifier>
    </Filter>
    <Filter Include="Utilities">
      <UniqueIdentifier>{b9e0f852-b0c3-4e86-99dd-573a86a3d55c}</UniqueIdentifier>
    </Filter>
    <Filter Include="UI">
      <UniqueIdentifier>{abfe11b4-5e20-4eb7-bd6d-d7859132e024}</UniqueIdentifier>
    </Filter>
    <Filter Include="ThirdParty">
      <UniqueIdentifier>{9649d13e-0768-4bff-88b9-4eeb4aec3d17}</UniqueIdentifier>
    </Filter>
    <Filter Include="ThirdParty\MinHook">
      <UniqueIdentifier>{5d2320b1-017e-446e-8326-e4ff72c8c564}</UniqueIdentifier>
    </Filter>
    <Filter Include="ThirdParty\imgui">
      <UniqueIdentifier>{87da2fe6-f3c9-41b5-bda0-2bf7d452e516}</UniqueIdentifier>
    </Filter>
  </ItemGroup>
  <ItemGroup>
    <ClCompile Include="dllmain.cpp" />
    <ClCompile Include="minhook\buffer.c">
      <Filter>ThirdParty\MinHook</Filter>
    </ClCompile>
    <ClCompile Include="minhook\hook.c">
      <Filter>ThirdParty\MinHook</Filter>
    </ClCompile>
    <ClCompile Include="minhook\trampoline.c">
      <Filter>ThirdParty\MinHook</Filter>
    </ClCompile>
    <ClCompile Include="minhook\hde\hde32.c">
      <Filter>ThirdParty\MinHook</Filter>
    </ClCompile>
    <ClCompile Include="minhook\hde\hde64.c">
      <Filter>ThirdParty\MinHook</Filter>
    </ClCompile>
    <ClCompile Include="imgui\imgui.cpp">
      <Filter>ThirdParty\imgui</Filter>
    </ClCompile>
    <ClCompile Include="imgui\imgui_demo.cpp">
      <Filter>ThirdParty\imgui</Filter>
    </ClCompile>
    <ClCompile Include="imgui\imgui_draw.cpp">
      <Filter>ThirdParty\imgui</Filter>
    </ClCompile>
    <ClCompile Include="imgui\imgui_impl_dx9.cpp">
      <Filter>ThirdParty\imgui</Filter>
    </ClCompile>
    <ClCompile Include="imgui\imgui_impl_win32.cpp">
      <Filter>ThirdParty\imgui</Filter>
    </ClCompile>
    <ClCompile Include="imgui\imgui_tables.cpp">
      <Filter>ThirdParty\imgui</Filter>
    </ClCompile>
    <ClCompile Include="imgui\imgui_widgets.cpp">
      <Filter>ThirdParty\imgui</Filter>
    </ClCompile>
  </ItemGroup>
  <ItemGroup>
    <ClInclude Include="ShaderLoader.h">
      <Filter>Features</Filter>
    </ClInclude>
    <ClInclude Include="Hooks.h">
      <Filter>Features</Filter>
    </ClInclude>
    <ClInclude Include="Game.h">
      <Filter>SDK</Filter>
    </ClInclude>
    <ClInclude Include="eEffect.h">
      <Filter>SDK</Filter>
    </ClInclude>
    <ClInclude Include="GrandSceneryCullInfo.h">
      <Filter>SDK</Filter>
    </ClInclude>
    <ClInclude Include="eModel.h">
      <Filter>SDK</Filter>
    </ClInclude>
    <ClInclude Include="DynamicLights.h">
      <Filter>Features\DynamicLights</Filter>
    </ClInclude>
    <ClInclude Include="Spotlight.h">
      <Filter>Features\DynamicLights</Filter>
    </ClInclude>
    <ClInclude Include="eSolid.h">
      <Filter>SDK</Filter>
    </ClInclude>
    <ClInclude Include="RenderModel.h">
      <Filter>SDK</Filter>
    </ClInclude>
    <ClInclude Include="TextureInfo.h">
      <Filter>SDK</Filter>
    </ClInclude>
    <ClInclude Include="MeshEntry.h">
      <Filter>SDK</Filter>
    </ClInclude>
    <ClInclude Include="eView.h">
      <Filter>SDK</Filter>
    </ClInclude>
    <ClInclude Include="RenderTarget.h">
      <Filter>SDK</Filter>
    </ClInclude>
    <ClInclude Include="ViewId.h">
      <Filter>SDK</Filter>
    </ClInclude>
    <ClInclude Include="LightFlares.h">
      <Filter>Features\DynamicLights</Filter>
    </ClInclude>
    <ClInclude Include="LightFlare.h">
      <Filter>SDK</Filter>
    </ClInclude>
    <ClInclude Include="Config.h">
      <Filter>Config</Filter>
    </ClInclude>
    <ClInclude Include="VehicleRenderConn.h">
      <Filter>SDK</Filter>
    </ClInclude>
    <ClInclude Include="CarRenderInfo.h">
      <Filter>SDK</Filter>
    </ClInclude>
    <ClInclude Include="Node.h">
      <Filter>SDK</Filter>
    </ClInclude>
    <ClInclude Include="RideInfo.h">
      <Filter>SDK</Filter>
    </ClInclude>
    <ClInclude Include="Console.h">
      <Filter>Utilities</Filter>
    </ClInclude>
    <ClInclude Include="Utilities.h">
      <Filter>Utilities</Filter>
    </ClInclude>
    <ClInclude Include="Hashes.h">
      <Filter>Utilities</Filter>
    </ClInclude>
    <ClInclude Include="WorldModel.h">
      <Filter>SDK</Filter>
    </ClInclude>
    <ClInclude Include="SmackableRenderConn.h">
      <Filter>SDK</Filter>
    </ClInclude>
    <ClInclude Include="Camera.h">
      <Filter>SDK</Filter>
    </ClInclude>
    <ClInclude Include="Weather.h">
      <Filter>Features</Filter>
    </ClInclude>
    <ClInclude Include="TimeOfDay.h">
      <Filter>SDK</Filter>
    </ClInclude>
    <ClInclude Include="WeatherConfig.h">
      <Filter>Config</Filter>
    </ClInclude>
    <ClInclude Include="SpotLightConfig.h">
      <Filter>Config</Filter>
    </ClInclude>
    <ClInclude Include="FlareConfig.h">
      <Filter>Config</Filter>
    </ClInclude>
    <ClInclude Include="Rain.h">
      <Filter>SDK</Filter>
    </ClInclude>
    <ClInclude Include="GridCuller.h">
      <Filter>Features\DynamicLights</Filter>
    </ClInclude>
    <ClInclude Include="eLightFlareParams.h">
      <Filter>SDK</Filter>
    </ClInclude>
    <ClInclude Include="resource.h">
      <Filter>Resource Files</Filter>
    </ClInclude>
    <ClInclude Include="TextureConfig.h">
      <Filter>Config</Filter>
    </ClInclude>
    <ClInclude Include="FrontEndRenderingCar.h">
      <Filter>SDK</Filter>
    </ClInclude>
    <ClInclude Include="AmbientShadow.h">
      <Filter>Features</Filter>
    </ClInclude>
    <ClInclude Include="HelicopterLight.h">
      <Filter>Features\DynamicLights</Filter>
    </ClInclude>
    <ClInclude Include="CarLights.h">
      <Filter>Features\DynamicLights</Filter>
    </ClInclude>
    <ClInclude Include="LightsBuffer.h">
      <Filter>Features\DynamicLights</Filter>
    </ClInclude>
    <ClInclude Include="WorldLights.h">
      <Filter>Features\DynamicLights</Filter>
    </ClInclude>
    <ClInclude Include="Time.h">
      <Filter>Features</Filter>
    </ClInclude>
    <ClInclude Include="UI.h">
      <Filter>UI</Filter>
    </ClInclude>
    <ClInclude Include="minhook\buffer.h">
      <Filter>ThirdParty\MinHook</Filter>
    </ClInclude>
    <ClInclude Include="minhook\MinHook.h">
      <Filter>ThirdParty\MinHook</Filter>
    </ClInclude>
    <ClInclude Include="minhook\trampoline.h">
      <Filter>ThirdParty\MinHook</Filter>
    </ClInclude>
    <ClInclude Include="minhook\hde\hde32.h">
      <Filter>ThirdParty\MinHook</Filter>
    </ClInclude>
    <ClInclude Include="minhook\hde\hde64.h">
      <Filter>ThirdParty\MinHook</Filter>
    </ClInclude>
    <ClInclude Include="minhook\hde\pstdint.h">
      <Filter>ThirdParty\MinHook</Filter>
    </ClInclude>
    <ClInclude Include="minhook\hde\table32.h">
      <Filter>ThirdParty\MinHook</Filter>
    </ClInclude>
    <ClInclude Include="minhook\hde\table64.h">
      <Filter>ThirdParty\MinHook</Filter>
    </ClInclude>
    <ClInclude Include="imgui\imgui.h">
      <Filter>ThirdParty\imgui</Filter>
    </ClInclude>
    <ClInclude Include="imgui\imgui_impl_dx9.h">
      <Filter>ThirdParty\imgui</Filter>
    </ClInclude>
    <ClInclude Include="imgui\imgui_impl_win32.h">
      <Filter>ThirdParty\imgui</Filter>
    </ClInclude>
    <ClInclude Include="imgui\imgui_internal.h">
      <Filter>ThirdParty\imgui</Filter>
    </ClInclude>
    <ClInclude Include="imgui\imstb_rectpack.h">
      <Filter>ThirdParty\imgui</Filter>
    </ClInclude>
    <ClInclude Include="imgui\imstb_textedit.h">
      <Filter>ThirdParty\imgui</Filter>
    </ClInclude>
    <ClInclude Include="imgui\imstb_truetype.h">
      <Filter>ThirdParty\imgui</Filter>
    </ClInclude>
    <ClInclude Include="UIEditor.h">
      <Filter>UI</Filter>
    </ClInclude>
    <ClInclude Include="imgui\imconfig.h">
      <Filter>ThirdParty\imgui</Filter>
    </ClInclude>
    <ClInclude Include="UIWeather.h">
      <Filter>UI</Filter>
    </ClInclude>
    <ClInclude Include="UICommon.h">
      <Filter>UI</Filter>
    </ClInclude>
    <ClInclude Include="UITextures.h">
      <Filter>UI</Filter>
    </ClInclude>
    <ClInclude Include="UISpotlights.h">
      <Filter>UI</Filter>
    </ClInclude>
    <ClInclude Include="MotionBlur.h">
      <Filter>Features</Filter>
    </ClInclude>
    <ClInclude Include="PVehicle.h">
      <Filter>SDK</Filter>
    </ClInclude>
    <ClInclude Include="HashField.h">
      <Filter>Utilities</Filter>
    </ClInclude>
    <ClInclude Include="CarBrakeGlow.h">
      <Filter>Features</Filter>
    </ClInclude>
    <ClInclude Include="eLightMaterial.h">
      <Filter>SDK</Filter>
    </ClInclude>
    <ClInclude Include="DepthPrePass.h">
      <Filter>Features</Filter>
    </ClInclude>
    <ClInclude Include="GarageMainScreen.h">
      <Filter>SDK</Filter>
    </ClInclude>
    <ClInclude Include="CarVinylMask.h">
      <Filter>Features</Filter>
    </ClInclude>
    <ClInclude Include="UIWidgetMenu.h">
      <Filter>SDK</Filter>
    </ClInclude>
    <ClInclude Include="CustomMeshes.h">
      <Filter>Features</Filter>
    </ClInclude>
    <ClInclude Include="CustomMeshesConfig.h">
      <Filter>Config</Filter>
    </ClInclude>
    <ClInclude Include="UICustomMeshes.h">
      <Filter>UI</Filter>
    </ClInclude>
    <ClInclude Include="UIConfig.h">
      <Filter>UI</Filter>
    </ClInclude>
  </ItemGroup>
  <ItemGroup>
    <ResourceCompile Include="Resource.rc">
      <Filter>Resource Files</Filter>
    </ResourceCompile>
  </ItemGroup>
  <ItemGroup>
    <None Include="rcdata1.bin">
      <Filter>Resource Files</Filter>
    </None>
  </ItemGroup>
  <ItemGroup>
    <Image Include="volume.dds">
      <Filter>Resource Files</Filter>
    </Image>
  </ItemGroup>
</Project>