<?xml version="1.0" encoding="utf-8"?>
<Project ToolsVersion="4.0" xmlns="http://schemas.microsoft.com/developer/msbuild/2003">
  <ItemGroup>
    <Filter Include="Resource Files">
      <UniqueIdentifier>{67DA6AB6-F800-4c08-8B7A-83BB121AAD01}</UniqueIdentifier>
      <Extensions>rc;ico;cur;bmp;dlg;rc2;rct;bin;rgs;gif;jpg;jpeg;jpe;resx;tiff;tif;png;wav;mfcribbon-ms</Extensions>
    </Filter>
    <Filter Include="SDK">
      <UniqueIdentifier>{2b9ff43c-67db-4acf-9b2c-e9970598a4d9}</UniqueIdentifier>
    </Filter>
    <Filter Include="Features">
      <UniqueIdentifier>{5dee4d1f-05eb-4966-b5cf-2505cf590988}</UniqueIdentifier>
    </Filter>
    <Filter Include="Features\DynamicLights">
      <UniqueIdentifier>{cc22c016-2d95-4c2c-a0cd-90e53e2ef1a0}</UniqueIdentifier>
    </Filter>
    <Filter Include="Config">
      <UniqueIdentifier>{eb0d5927-0c13-4fa9-99d5-06f5a769993f}</UniqueIdentifier>
    </Filter>
    <Filter Include="Utilities">
      <UniqueIdentifier>{b9e0f852-b0c3-4e86-99dd-573a86a3d55c}</UniqueIdentifier>
    </Filter>
  </ItemGroup>
  <ItemGroup>
    <ClCompile Include="dllmain.cpp" />
  </ItemGroup>
  <ItemGroup>
    <ClInclude Include="ShaderLoader.h">
      <Filter>Features</Filter>
    </ClInclude>
    <ClInclude Include="Hooks.h">
      <Filter>Features</Filter>
    </ClInclude>
    <ClInclude Include="Game.h">
      <Filter>SDK</Filter>
    </ClInclude>
    <ClInclude Include="eEffect.h">
      <Filter>SDK</Filter>
    </ClInclude>
    <ClInclude Include="GrandSceneryCullInfo.h">
      <Filter>SDK</Filter>
    </ClInclude>
    <ClInclude Include="eModel.h">
      <Filter>SDK</Filter>
    </ClInclude>
    <ClInclude Include="DynamicLights.h">
      <Filter>Features\DynamicLights</Filter>
    </ClInclude>
    <ClInclude Include="Spotlight.h">
      <Filter>Features\DynamicLights</Filter>
    </ClInclude>
    <ClInclude Include="eSolid.h">
      <Filter>SDK</Filter>
    </ClInclude>
    <ClInclude Include="RenderModel.h">
      <Filter>SDK</Filter>
    </ClInclude>
    <ClInclude Include="TextureInfo.h">
      <Filter>SDK</Filter>
    </ClInclude>
    <ClInclude Include="MeshEntry.h">
      <Filter>SDK</Filter>
    </ClInclude>
    <ClInclude Include="eView.h">
      <Filter>SDK</Filter>
    </ClInclude>
    <ClInclude Include="RenderTarget.h">
      <Filter>SDK</Filter>
    </ClInclude>
    <ClInclude Include="ViewId.h">
      <Filter>SDK</Filter>
    </ClInclude>
    <ClInclude Include="LightFlares.h">
      <Filter>Features\DynamicLights</Filter>
    </ClInclude>
    <ClInclude Include="LightFlare.h">
      <Filter>SDK</Filter>
    </ClInclude>
    <ClInclude Include="Config.h">
      <Filter>Config</Filter>
    </ClInclude>
    <ClInclude Include="VehicleRenderConn.h">
      <Filter>SDK</Filter>
    </ClInclude>
    <ClInclude Include="CarRenderInfo.h">
      <Filter>SDK</Filter>
    </ClInclude>
    <ClInclude Include="Node.h">
      <Filter>SDK</Filter>
    </ClInclude>
    <ClInclude Include="RideInfo.h">
      <Filter>SDK</Filter>
    </ClInclude>
    <ClInclude Include="Console.h">
      <Filter>Utilities</Filter>
    </ClInclude>
    <ClInclude Include="Utilities.h">
      <Filter>Utilities</Filter>
    </ClInclude>
    <ClInclude Include="Hashes.h">
      <Filter>Utilities</Filter>
    </ClInclude>
    <ClInclude Include="WorldModel.h">
      <Filter>SDK</Filter>
    </ClInclude>
    <ClInclude Include="SmackableRenderConn.h">
      <Filter>SDK</Filter>
    </ClInclude>
    <ClInclude Include="Camera.h">
      <Filter>SDK</Filter>
    </ClInclude>
    <ClInclude Include="Weather.h">
      <Filter>Features</Filter>
    </ClInclude>
    <ClInclude Include="TimeOfDay.h">
      <Filter>SDK</Filter>
    </ClInclude>
    <ClInclude Include="WeatherConfig.h">
      <Filter>Config</Filter>
    </ClInclude>
    <ClInclude Include="SpotLightConfig.h">
      <Filter>Config</Filter>
    </ClInclude>
    <ClInclude Include="FlareConfig.h">
      <Filter>Config</Filter>
    </ClInclude>
    <ClInclude Include="Rain.h">
      <Filter>SDK</Filter>
    </ClInclude>
    <ClInclude Include="GridCuller.h">
      <Filter>Features\DynamicLights</Filter>
    </ClInclude>
    <ClInclude Include="eLightFlareParams.h">
      <Filter>SDK</Filter>
    </ClInclude>
    <ClInclude Include="resource.h">
      <Filter>Resource Files</Filter>
    </ClInclude>
    <ClInclude Include="TextureConfig.h">
      <Filter>Config</Filter>
    </ClInclude>
    <ClInclude Include="FrontEndRenderingCar.h">
      <Filter>SDK</Filter>
    </ClInclude>
    <ClInclude Include="AmbientShadow.h">
      <Filter>Features</Filter>
    </ClInclude>
    <ClInclude Include="FEGeometryModels.h">
      <Filter>SDK</Filter>
    </ClInclude>
  </ItemGroup>
  <ItemGroup>
    <ResourceCompile Include="Resource.rc">
      <Filter>Resource Files</Filter>
    </ResourceCompile>
  </ItemGroup>
  <ItemGroup>
    <None Include="rcdata1.bin">
      <Filter>Resource Files</Filter>
    </None>
  </ItemGroup>
  <ItemGroup>
    <Image Include="volume.dds">
      <Filter>Resource Files</Filter>
    </Image>
  </ItemGroup>
</Project>