<?xml version="1.0" encoding="utf-8"?>
<Project ToolsVersion="4.0" xmlns="http://schemas.microsoft.com/developer/msbuild/2003">
  <ItemGroup>
    <Filter Include="Header Files">
      <UniqueIdentifier>{93995380-89BD-4b04-88EB-625FBE52EBFB}</UniqueIdentifier>
      <Extensions>h;hh;hpp;hxx;h++;hm;inl;inc;ipp;xsd</Extensions>
    </Filter>
  </ItemGroup>
  <ItemGroup>
    <FxCompile Include="world.fx" />
    <FxCompile Include="worldreflect.fx" />
    <FxCompile Include="worldnormalmap.fx" />
    <FxCompile Include="GlossyWindow.fx" />
    <FxCompile Include="spotlights.fx">
      <Filter>Header Files</Filter>
    </FxCompile>
    <FxCompile Include="car.fx" />
    <FxCompile Include="skybox.fx" />
    <FxCompile Include="tree.fx" />
    <FxCompile Include="shadowmap.fx">
      <Filter>Header Files</Filter>
    </FxCompile>
    <FxCompile Include="global.fx">
      <Filter>Header Files</Filter>
    </FxCompile>
    <FxCompile Include="normalmap.fx">
      <Filter>Header Files</Filter>
    </FxCompile>
    <FxCompile Include="lighting.fx">
      <Filter>Header Files</Filter>
    </FxCompile>
    <FxCompile Include="car_rain.fx">
      <Filter>Header Files</Filter>
    </FxCompile>
    <FxCompile Include="fog.fx">
      <Filter>Header Files</Filter>
    </FxCompile>
    <FxCompile Include="water.fx" />
    <FxCompile Include="emissive.fx">
      <Filter>Header Files</Filter>
    </FxCompile>
    <FxCompile Include="prelit.fx">
      <Filter>Header Files</Filter>
    </FxCompile>
    <FxCompile Include="screenfilter.fx" />
  </ItemGroup>
  <ItemGroup>
    <ClInclude Include="techniques.fx">
      <Filter>Header Files</Filter>
    </ClInclude>
    <ClInclude Include="shadow.fx">
      <Filter>Header Files</Filter>
    </ClInclude>
    <ClInclude Include="prepass.fx">
      <Filter>Header Files</Filter>
    </ClInclude>
  </ItemGroup>
</Project>